// !$*UTF8*$!
{
	archiveVersion = 1;
	classes = {
	};
	objectVersion = 46;
	objects = {

/* Begin PBXFileReference section */
		710ADF9A1EEAEA4D00CD4AD3 /* app.yaml */ = {isa = PBXFileReference; lastKnownFileType = text; path = app.yaml; sourceTree = "<group>"; };
		710ADF9E1EEAEA4D00CD4AD3 /* deploy.sh */ = {isa = PBXFileReference; lastKnownFileType = text.script.sh; path = deploy.sh; sourceTree = "<group>"; };
		710ADFA41EEAEA4D00CD4AD3 /* README */ = {isa = PBXFileReference; lastKnownFileType = text; path = README; sourceTree = "<group>"; };
		710ADFA51EEAEA4D00CD4AD3 /* Responsive_Assets */ = {isa = PBXFileReference; lastKnownFileType = folder; path = Responsive_Assets; sourceTree = "<group>"; };
		710ADFA61EEAEA4D00CD4AD3 /* static */ = {isa = PBXFileReference; lastKnownFileType = folder; path = static; sourceTree = "<group>"; };
/* End PBXFileReference section */

/* Begin PBXGroup section */
		710ADF921EEA138500CD4AD3 = {
			isa = PBXGroup;
			children = (
				710ADF9A1EEAEA4D00CD4AD3 /* app.yaml */,
				710ADF9E1EEAEA4D00CD4AD3 /* deploy.sh */,
				710ADFA41EEAEA4D00CD4AD3 /* README */,
				710ADFA51EEAEA4D00CD4AD3 /* Responsive_Assets */,
				710ADFA61EEAEA4D00CD4AD3 /* static */,
			);
			sourceTree = "<group>";
		};
/* End PBXGroup section */

/* Begin PBXProject section */
		710ADF931EEA138500CD4AD3 /* Project object */ = {
			isa = PBXProject;
			attributes = {
				LastUpgradeCheck = 0830;
			};
			buildConfigurationList = 710ADF961EEA138500CD4AD3 /* Build configuration list for PBXProject "Vitrine Responsiva v1.5" */;
			compatibilityVersion = "Xcode 3.2";
			developmentRegion = English;
			hasScannedForEncodings = 0;
			knownRegions = (
				en,
			);
			mainGroup = 710ADF921EEA138500CD4AD3;
			projectDirPath = "";
			projectRoot = "";
			targets = (
			);
		};
/* End PBXProject section */

/* Begin XCBuildConfiguration section */
		710ADF971EEA138500CD4AD3 /* Debug */ = {
			isa = XCBuildConfiguration;
			buildSettings = {
			};
			name = Debug;
		};
		710ADF981EEA138500CD4AD3 /* Release */ = {
			isa = XCBuildConfiguration;
			buildSettings = {
			};
			name = Release;
		};
/* End XCBuildConfiguration section */

/* Begin XCConfigurationList section */
		710ADF961EEA138500CD4AD3 /* Build configuration list for PBXProject "Vitrine Responsiva v1.5" */ = {
			isa = XCConfigurationList;
			buildConfigurations = (
				710ADF971EEA138500CD4AD3 /* Debug */,
				710ADF981EEA138500CD4AD3 /* Release */,
			);
			defaultConfigurationIsVisible = 0;
			defaultConfigurationName = Release;
		};
/* End XCConfigurationList section */
	};
	rootObject = 710ADF931EEA138500CD4AD3 /* Project object */;
}
