// !$*UTF8*$!
{
	archiveVersion = 1;
	classes = {
	};
	objectVersion = 46;
	objects = {

/* Begin PBXGroup section */
		710ADF921EEA138500CD4AD3 = {
			isa = PBXGroup;
			children = (
			);
			sourceTree = "<group>";
		};
/* End PBXGroup section */

/* Begin PBXProject section */
		710ADF931EEA138500CD4AD3 /* Project object */ = {
			isa = PBXProject;
			attributes = {
				LastUpgradeCheck = 0830;
			};
			buildConfigurationList = 710ADF961EEA138500CD4AD3 /* Build configuration list for PBXProject "Vitrine Responsiva v1.5" */;
			compatibilityVersion = "Xcode 3.2";
			developmentRegion = English;
			hasScannedForEncodings = 0;
			knownRegions = (
				en,
			);
			mainGroup = 710ADF921EEA138500CD4AD3;
			projectDirPath = "";
			projectRoot = "";
			targets = (
			);
		};
/* End PBXProject section */

/* Begin XCBuildConfiguration section */
		710ADF971EEA138500CD4AD3 /* Debug */ = {
			isa = XCBuildConfiguration;
			buildSettings = {
			};
			name = Debug;
		};
		710ADF981EEA138500CD4AD3 /* Release */ = {
			isa = XCBuildConfiguration;
			buildSettings = {
			};
			name = Release;
		};
/* End XCBuildConfiguration section */

/* Begin XCConfigurationList section */
		710ADF961EEA138500CD4AD3 /* Build configuration list for PBXProject "Vitrine Responsiva v1.5" */ = {
			isa = XCConfigurationList;
			buildConfigurations = (
				710ADF971EEA138500CD4AD3 /* Debug */,
				710ADF981EEA138500CD4AD3 /* Release */,
			);
			defaultConfigurationIsVisible = 0;
			defaultConfigurationName = Release;
		};
/* End XCConfigurationList section */
	};
	rootObject = 710ADF931EEA138500CD4AD3 /* Project object */;
}
